
Microsoft Visual Studio Solution File, Format Version 12.00
# Visual Studio Version 17
VisualStudioVersion = 17.8.34525.116
MinimumVisualStudioVersion = 10.0.40219.1
Project("{FAE04EC0-301F-11D3-BF4B-00C04F79EFBC}") = "EComm_2", "EComm_2\EComm_2.csproj", "{BEAF6090-D394-45F6-84DA-9C01BF4108E3}"
EndProject
Global
	GlobalSection(SolutionConfigurationPlatforms) = preSolution
		Debug|Any CPU = Debug|Any CPU
		Release|Any CPU = Release|Any CPU
	EndGlobalSection
	GlobalSection(ProjectConfigurationPlatforms) = postSolution
		{BEAF6090-D394-45F6-84DA-9C01BF4108E3}.Debug|Any CPU.ActiveCfg = Debug|Any CPU
		{BEAF6090-D394-45F6-84DA-9C01BF4108E3}.Debug|Any CPU.Build.0 = Debug|Any CPU
		{BEAF6090-D394-45F6-84DA-9C01BF4108E3}.Release|Any CPU.ActiveCfg = Release|Any CPU
		{BEAF6090-D394-45F6-84DA-9C01BF4108E3}.Release|Any CPU.Build.0 = Release|Any CPU
	EndGlobalSection
	GlobalSection(SolutionProperties) = preSolution
		HideSolutionNode = FALSE
	EndGlobalSection
	GlobalSection(ExtensibilityGlobals) = postSolution
		SolutionGuid = {F7AC7818-974A-45A0-8B19-878C66CE9A2D}
	EndGlobalSection
EndGlobal
